
Microsoft Visual Studio Solution File, Format Version 12.00
# Visual Studio Version 17
VisualStudioVersion = 17.9.34607.119
MinimumVisualStudioVersion = 10.0.40219.1
Project("{9A19103F-16F7-4668-BE54-9A1E7A4F7556}") = "distant", "distant.csproj", "{FDC7B4D8-3361-47DF-A484-7839D8DFF5D3}"
EndProject
Project("{FAE04EC0-301F-11D3-BF4B-00C04F79EFBC}") = "Distant.Tests", "..\Distant.Tests\Distant.Tests.csproj", "{8D565B9E-6FD6-4870-8558-F8B74550F91E}"
EndProject
Global
	GlobalSection(SolutionConfigurationPlatforms) = preSolution
		Debug|Any CPU = Debug|Any CPU
		Release|Any CPU = Release|Any CPU
	EndGlobalSection
	GlobalSection(ProjectConfigurationPlatforms) = postSolution
		{FDC7B4D8-3361-47DF-A484-7839D8DFF5D3}.Debug|Any CPU.ActiveCfg = Debug|Any CPU
		{FDC7B4D8-3361-47DF-A484-7839D8DFF5D3}.Debug|Any CPU.Build.0 = Debug|Any CPU
		{FDC7B4D8-3361-47DF-A484-7839D8DFF5D3}.Release|Any CPU.ActiveCfg = Release|Any CPU
		{FDC7B4D8-3361-47DF-A484-7839D8DFF5D3}.Release|Any CPU.Build.0 = Release|Any CPU
		{8D565B9E-6FD6-4870-8558-F8B74550F91E}.Debug|Any CPU.ActiveCfg = Debug|Any CPU
		{8D565B9E-6FD6-4870-8558-F8B74550F91E}.Debug|Any CPU.Build.0 = Debug|Any CPU
		{8D565B9E-6FD6-4870-8558-F8B74550F91E}.Release|Any CPU.ActiveCfg = Release|Any CPU
		{8D565B9E-6FD6-4870-8558-F8B74550F91E}.Release|Any CPU.Build.0 = Release|Any CPU
	EndGlobalSection
	GlobalSection(SolutionProperties) = preSolution
		HideSolutionNode = FALSE
	EndGlobalSection
	GlobalSection(ExtensibilityGlobals) = postSolution
		SolutionGuid = {96B38B24-1A97-4E47-8D15-76D2976CFBF3}
	EndGlobalSection
EndGlobal
